// !$*UTF8*$!
{
	archiveVersion = 1;
	classes = {
	};
	objectVersion = 55;
	objects = {

/* Begin PBXBuildFile section */
		3EFBF55A2882898B0081AEE7 /* main.cpp in Sources */ = {isa = PBXBuildFile; fileRef = 3EFBF5592882898B0081AEE7 /* main.cpp */; };
/* End PBXBuildFile section */

/* Begin PBXCopyFilesBuildPhase section */
		3EFBF5542882898B0081AEE7 /* CopyFiles */ = {
			isa = PBXCopyFilesBuildPhase;
			buildActionMask = 2147483647;
			dstPath = /usr/share/man/man1/;
			dstSubfolderSpec = 0;
			files = (
			);
			runOnlyForDeploymentPostprocessing = 1;
		};
/* End PBXCopyFilesBuildPhase section */

/* Begin PBXFileReference section */
		3EB536F728828B1200FD44F7 /* single_responsibility_p.h */ = {isa = PBXFileReference; lastKnownFileType = sourcecode.c.h; path = single_responsibility_p.h; sourceTree = "<group>"; };
		3EB536F828828E7500FD44F7 /* open_close_p.h */ = {isa = PBXFileReference; lastKnownFileType = sourcecode.c.h; path = open_close_p.h; sourceTree = "<group>"; };
		3EB536F92882971E00FD44F7 /* liskov_substitutaion_p.h */ = {isa = PBXFileReference; lastKnownFileType = sourcecode.c.h; path = liskov_substitutaion_p.h; sourceTree = "<group>"; };
		3EB536FA28829BDB00FD44F7 /* interface_segregation_p.h */ = {isa = PBXFileReference; lastKnownFileType = sourcecode.c.h; path = interface_segregation_p.h; sourceTree = "<group>"; };
		3EB536FB28829EA300FD44F7 /* dependency_inversion_p.h */ = {isa = PBXFileReference; lastKnownFileType = sourcecode.c.h; path = dependency_inversion_p.h; sourceTree = "<group>"; };
		3EB536FC2882A79600FD44F7 /* builder.h */ = {isa = PBXFileReference; lastKnownFileType = sourcecode.c.h; path = builder.h; sourceTree = "<group>"; };
		3EB536FE2882B72D00FD44F7 /* builder_groovy_style.h */ = {isa = PBXFileReference; lastKnownFileType = sourcecode.c.h; path = builder_groovy_style.h; sourceTree = "<group>"; };
		3EB536FF2882BBA800FD44F7 /* builder_facets.h */ = {isa = PBXFileReference; lastKnownFileType = sourcecode.c.h; path = builder_facets.h; sourceTree = "<group>"; };
		3EB537002882C0D600FD44F7 /* factory.h */ = {isa = PBXFileReference; lastKnownFileType = sourcecode.c.h; path = factory.h; sourceTree = "<group>"; };
		3EFBF5562882898B0081AEE7 /* DesignPatterns */ = {isa = PBXFileReference; explicitFileType = "compiled.mach-o.executable"; includeInIndex = 0; path = DesignPatterns; sourceTree = BUILT_PRODUCTS_DIR; };
		3EFBF5592882898B0081AEE7 /* main.cpp */ = {isa = PBXFileReference; lastKnownFileType = sourcecode.cpp.cpp; path = main.cpp; sourceTree = "<group>"; };
/* End PBXFileReference section */

/* Begin PBXFrameworksBuildPhase section */
		3EFBF5532882898B0081AEE7 /* Frameworks */ = {
			isa = PBXFrameworksBuildPhase;
			buildActionMask = 2147483647;
			files = (
			);
			runOnlyForDeploymentPostprocessing = 0;
		};
/* End PBXFrameworksBuildPhase section */

/* Begin PBXGroup section */
		3EFBF54D2882898B0081AEE7 = {
			isa = PBXGroup;
			children = (
				3EFBF5582882898B0081AEE7 /* DesignPatterns */,
				3EFBF5572882898B0081AEE7 /* Products */,
			);
			sourceTree = "<group>";
		};
		3EFBF5572882898B0081AEE7 /* Products */ = {
			isa = PBXGroup;
			children = (
				3EFBF5562882898B0081AEE7 /* DesignPatterns */,
			);
			name = Products;
			sourceTree = "<group>";
		};
		3EFBF5582882898B0081AEE7 /* DesignPatterns */ = {
			isa = PBXGroup;
			children = (
				3EFBF56328828A780081AEE7 /* Structural */,
				3EFBF56228828A5D0081AEE7 /* Behavioural */,
				3EFBF56128828A540081AEE7 /* Creational */,
				3EFBF56028828A3A0081AEE7 /* SOLID_Design_Principles */,
				3EFBF5592882898B0081AEE7 /* main.cpp */,
			);
			path = DesignPatterns;
			sourceTree = "<group>";
		};
		3EFBF56028828A3A0081AEE7 /* SOLID_Design_Principles */ = {
			isa = PBXGroup;
			children = (
				3EB536F728828B1200FD44F7 /* single_responsibility_p.h */,
				3EB536F828828E7500FD44F7 /* open_close_p.h */,
				3EB536F92882971E00FD44F7 /* liskov_substitutaion_p.h */,
				3EB536FA28829BDB00FD44F7 /* interface_segregation_p.h */,
				3EB536FB28829EA300FD44F7 /* dependency_inversion_p.h */,
			);
			path = SOLID_Design_Principles;
			sourceTree = "<group>";
		};
		3EFBF56128828A540081AEE7 /* Creational */ = {
			isa = PBXGroup;
			children = (
				3EB536FC2882A79600FD44F7 /* builder.h */,
				3EB536FE2882B72D00FD44F7 /* builder_groovy_style.h */,
				3EB536FF2882BBA800FD44F7 /* builder_facets.h */,
				3EB537002882C0D600FD44F7 /* factory.h */,
			);
			path = Creational;
			sourceTree = "<group>";
		};
		3EFBF56228828A5D0081AEE7 /* Behavioural */ = {
			isa = PBXGroup;
			children = (
			);
			path = Behavioural;
			sourceTree = "<group>";
		};
		3EFBF56328828A780081AEE7 /* Structural */ = {
			isa = PBXGroup;
			children = (
			);
			path = Structural;
			sourceTree = "<group>";
		};
/* End PBXGroup section */

/* Begin PBXNativeTarget section */
		3EFBF5552882898B0081AEE7 /* DesignPatterns */ = {
			isa = PBXNativeTarget;
			buildConfigurationList = 3EFBF55D2882898B0081AEE7 /* Build configuration list for PBXNativeTarget "DesignPatterns" */;
			buildPhases = (
				3EFBF5522882898B0081AEE7 /* Sources */,
				3EFBF5532882898B0081AEE7 /* Frameworks */,
				3EFBF5542882898B0081AEE7 /* CopyFiles */,
			);
			buildRules = (
			);
			dependencies = (
			);
			name = DesignPatterns;
			productName = DesignPatterns;
			productReference = 3EFBF5562882898B0081AEE7 /* DesignPatterns */;
			productType = "com.apple.product-type.tool";
		};
/* End PBXNativeTarget section */

/* Begin PBXProject section */
		3EFBF54E2882898B0081AEE7 /* Project object */ = {
			isa = PBXProject;
			attributes = {
				BuildIndependentTargetsInParallel = 1;
				LastUpgradeCheck = 1340;
				TargetAttributes = {
					3EFBF5552882898B0081AEE7 = {
						CreatedOnToolsVersion = 13.4.1;
					};
				};
			};
			buildConfigurationList = 3EFBF5512882898B0081AEE7 /* Build configuration list for PBXProject "DesignPatterns" */;
			compatibilityVersion = "Xcode 13.0";
			developmentRegion = en;
			hasScannedForEncodings = 0;
			knownRegions = (
				en,
				Base,
			);
			mainGroup = 3EFBF54D2882898B0081AEE7;
			productRefGroup = 3EFBF5572882898B0081AEE7 /* Products */;
			projectDirPath = "";
			projectRoot = "";
			targets = (
				3EFBF5552882898B0081AEE7 /* DesignPatterns */,
			);
		};
/* End PBXProject section */

/* Begin PBXSourcesBuildPhase section */
		3EFBF5522882898B0081AEE7 /* Sources */ = {
			isa = PBXSourcesBuildPhase;
			buildActionMask = 2147483647;
			files = (
				3EFBF55A2882898B0081AEE7 /* main.cpp in Sources */,
			);
			runOnlyForDeploymentPostprocessing = 0;
		};
/* End PBXSourcesBuildPhase section */

/* Begin XCBuildConfiguration section */
		3EFBF55B2882898B0081AEE7 /* Debug */ = {
			isa = XCBuildConfiguration;
			buildSettings = {
				ALWAYS_SEARCH_USER_PATHS = NO;
				CLANG_ANALYZER_NONNULL = YES;
				CLANG_ANALYZER_NUMBER_OBJECT_CONVERSION = YES_AGGRESSIVE;
				CLANG_CXX_LANGUAGE_STANDARD = "gnu++17";
				CLANG_ENABLE_MODULES = YES;
				CLANG_ENABLE_OBJC_ARC = YES;
				CLANG_ENABLE_OBJC_WEAK = YES;
				CLANG_WARN_BLOCK_CAPTURE_AUTORELEASING = YES;
				CLANG_WARN_BOOL_CONVERSION = YES;
				CLANG_WARN_COMMA = YES;
				CLANG_WARN_CONSTANT_CONVERSION = YES;
				CLANG_WARN_DEPRECATED_OBJC_IMPLEMENTATIONS = YES;
				CLANG_WARN_DIRECT_OBJC_ISA_USAGE = YES_ERROR;
				CLANG_WARN_DOCUMENTATION_COMMENTS = YES;
				CLANG_WARN_EMPTY_BODY = YES;
				CLANG_WARN_ENUM_CONVERSION = YES;
				CLANG_WARN_INFINITE_RECURSION = YES;
				CLANG_WARN_INT_CONVERSION = YES;
				CLANG_WARN_NON_LITERAL_NULL_CONVERSION = YES;
				CLANG_WARN_OBJC_IMPLICIT_RETAIN_SELF = YES;
				CLANG_WARN_OBJC_LITERAL_CONVERSION = YES;
				CLANG_WARN_OBJC_ROOT_CLASS = YES_ERROR;
				CLANG_WARN_QUOTED_INCLUDE_IN_FRAMEWORK_HEADER = YES;
				CLANG_WARN_RANGE_LOOP_ANALYSIS = YES;
				CLANG_WARN_STRICT_PROTOTYPES = YES;
				CLANG_WARN_SUSPICIOUS_MOVE = YES;
				CLANG_WARN_UNGUARDED_AVAILABILITY = YES_AGGRESSIVE;
				CLANG_WARN_UNREACHABLE_CODE = YES;
				CLANG_WARN__DUPLICATE_METHOD_MATCH = YES;
				COPY_PHASE_STRIP = NO;
				DEBUG_INFORMATION_FORMAT = dwarf;
				ENABLE_STRICT_OBJC_MSGSEND = YES;
				ENABLE_TESTABILITY = YES;
				GCC_C_LANGUAGE_STANDARD = gnu11;
				GCC_DYNAMIC_NO_PIC = NO;
				GCC_NO_COMMON_BLOCKS = YES;
				GCC_OPTIMIZATION_LEVEL = 0;
				GCC_PREPROCESSOR_DEFINITIONS = (
					"DEBUG=1",
					"$(inherited)",
				);
				GCC_WARN_64_TO_32_BIT_CONVERSION = YES;
				GCC_WARN_ABOUT_RETURN_TYPE = YES_ERROR;
				GCC_WARN_UNDECLARED_SELECTOR = YES;
				GCC_WARN_UNINITIALIZED_AUTOS = YES_AGGRESSIVE;
				GCC_WARN_UNUSED_FUNCTION = YES;
				GCC_WARN_UNUSED_VARIABLE = YES;
				MACOSX_DEPLOYMENT_TARGET = 12.3;
				MTL_ENABLE_DEBUG_INFO = INCLUDE_SOURCE;
				MTL_FAST_MATH = YES;
				ONLY_ACTIVE_ARCH = YES;
				SDKROOT = macosx;
			};
			name = Debug;
		};
		3EFBF55C2882898B0081AEE7 /* Release */ = {
			isa = XCBuildConfiguration;
			buildSettings = {
				ALWAYS_SEARCH_USER_PATHS = NO;
				CLANG_ANALYZER_NONNULL = YES;
				CLANG_ANALYZER_NUMBER_OBJECT_CONVERSION = YES_AGGRESSIVE;
				CLANG_CXX_LANGUAGE_STANDARD = "gnu++17";
				CLANG_ENABLE_MODULES = YES;
				CLANG_ENABLE_OBJC_ARC = YES;
				CLANG_ENABLE_OBJC_WEAK = YES;
				CLANG_WARN_BLOCK_CAPTURE_AUTORELEASING = YES;
				CLANG_WARN_BOOL_CONVERSION = YES;
				CLANG_WARN_COMMA = YES;
				CLANG_WARN_CONSTANT_CONVERSION = YES;
				CLANG_WARN_DEPRECATED_OBJC_IMPLEMENTATIONS = YES;
				CLANG_WARN_DIRECT_OBJC_ISA_USAGE = YES_ERROR;
				CLANG_WARN_DOCUMENTATION_COMMENTS = YES;
				CLANG_WARN_EMPTY_BODY = YES;
				CLANG_WARN_ENUM_CONVERSION = YES;
				CLANG_WARN_INFINITE_RECURSION = YES;
				CLANG_WARN_INT_CONVERSION = YES;
				CLANG_WARN_NON_LITERAL_NULL_CONVERSION = YES;
				CLANG_WARN_OBJC_IMPLICIT_RETAIN_SELF = YES;
				CLANG_WARN_OBJC_LITERAL_CONVERSION = YES;
				CLANG_WARN_OBJC_ROOT_CLASS = YES_ERROR;
				CLANG_WARN_QUOTED_INCLUDE_IN_FRAMEWORK_HEADER = YES;
				CLANG_WARN_RANGE_LOOP_ANALYSIS = YES;
				CLANG_WARN_STRICT_PROTOTYPES = YES;
				CLANG_WARN_SUSPICIOUS_MOVE = YES;
				CLANG_WARN_UNGUARDED_AVAILABILITY = YES_AGGRESSIVE;
				CLANG_WARN_UNREACHABLE_CODE = YES;
				CLANG_WARN__DUPLICATE_METHOD_MATCH = YES;
				COPY_PHASE_STRIP = NO;
				DEBUG_INFORMATION_FORMAT = "dwarf-with-dsym";
				ENABLE_NS_ASSERTIONS = NO;
				ENABLE_STRICT_OBJC_MSGSEND = YES;
				GCC_C_LANGUAGE_STANDARD = gnu11;
				GCC_NO_COMMON_BLOCKS = YES;
				GCC_WARN_64_TO_32_BIT_CONVERSION = YES;
				GCC_WARN_ABOUT_RETURN_TYPE = YES_ERROR;
				GCC_WARN_UNDECLARED_SELECTOR = YES;
				GCC_WARN_UNINITIALIZED_AUTOS = YES_AGGRESSIVE;
				GCC_WARN_UNUSED_FUNCTION = YES;
				GCC_WARN_UNUSED_VARIABLE = YES;
				MACOSX_DEPLOYMENT_TARGET = 12.3;
				MTL_ENABLE_DEBUG_INFO = NO;
				MTL_FAST_MATH = YES;
				SDKROOT = macosx;
			};
			name = Release;
		};
		3EFBF55E2882898B0081AEE7 /* Debug */ = {
			isa = XCBuildConfiguration;
			buildSettings = {
				CODE_SIGN_STYLE = Automatic;
				HEADER_SEARCH_PATHS = "${PROJECT_DIR}/DesignPatterns";
				PRODUCT_NAME = "$(TARGET_NAME)";
			};
			name = Debug;
		};
		3EFBF55F2882898B0081AEE7 /* Release */ = {
			isa = XCBuildConfiguration;
			buildSettings = {
				CODE_SIGN_STYLE = Automatic;
				HEADER_SEARCH_PATHS = "${PROJECT_DIR}/DesignPatterns";
				PRODUCT_NAME = "$(TARGET_NAME)";
			};
			name = Release;
		};
/* End XCBuildConfiguration section */

/* Begin XCConfigurationList section */
		3EFBF5512882898B0081AEE7 /* Build configuration list for PBXProject "DesignPatterns" */ = {
			isa = XCConfigurationList;
			buildConfigurations = (
				3EFBF55B2882898B0081AEE7 /* Debug */,
				3EFBF55C2882898B0081AEE7 /* Release */,
			);
			defaultConfigurationIsVisible = 0;
			defaultConfigurationName = Release;
		};
		3EFBF55D2882898B0081AEE7 /* Build configuration list for PBXNativeTarget "DesignPatterns" */ = {
			isa = XCConfigurationList;
			buildConfigurations = (
				3EFBF55E2882898B0081AEE7 /* Debug */,
				3EFBF55F2882898B0081AEE7 /* Release */,
			);
			defaultConfigurationIsVisible = 0;
			defaultConfigurationName = Release;
		};
/* End XCConfigurationList section */
	};
	rootObject = 3EFBF54E2882898B0081AEE7 /* Project object */;
}
